
Microsoft Visual Studio Solution File, Format Version 12.00
# Visual Studio Version 17
VisualStudioVersion = 17.8.34525.116
MinimumVisualStudioVersion = 10.0.40219.1
Project("{9A19103F-16F7-4668-BE54-9A1E7A4F7556}") = "Image", "Image.csproj", "{907A0237-01FB-49A3-993D-B8AAD4209714}"
EndProject
Global
	GlobalSection(SolutionConfigurationPlatforms) = preSolution
		Debug|Any CPU = Debug|Any CPU
		Release|Any CPU = Release|Any CPU
	EndGlobalSection
	GlobalSection(ProjectConfigurationPlatforms) = postSolution
		{907A0237-01FB-49A3-993D-B8AAD4209714}.Debug|Any CPU.ActiveCfg = Debug|Any CPU
		{907A0237-01FB-49A3-993D-B8AAD4209714}.Debug|Any CPU.Build.0 = Debug|Any CPU
		{907A0237-01FB-49A3-993D-B8AAD4209714}.Release|Any CPU.ActiveCfg = Release|Any CPU
		{907A0237-01FB-49A3-993D-B8AAD4209714}.Release|Any CPU.Build.0 = Release|Any CPU
	EndGlobalSection
	GlobalSection(SolutionProperties) = preSolution
		HideSolutionNode = FALSE
	EndGlobalSection
	GlobalSection(ExtensibilityGlobals) = postSolution
		SolutionGuid = {48EF3789-DD0B-49FF-B587-9384ED06951B}
	EndGlobalSection
EndGlobal
